# This file is automatically @generated by Cargo.
# It is not intended for manual editing.
version = 4

[[package]]
name = "autocfg"
version = "1.5.0"
source = "registry+https://github.com/rust-lang/crates.io-index"
checksum = "c08606f8c3cbf4ce6ec8e28fb0014a2c086708fe954eaa885384a6165172e7e8"

[[package]]
name = "minimizer-iter"
version = "1.2.1"
source = "registry+https://github.com/rust-lang/crates.io-index"
checksum = "29b022505643a614c3cebbfe55ed3ef167925ca60f76a15f76d918b88a99e849"
dependencies = [
 "minimizer-queue",
 "num-traits",
 "strength_reduce",
]

[[package]]
name = "minimizer-queue"
version = "1.2.3"
source = "registry+https://github.com/rust-lang/crates.io-index"
checksum = "762a9436d3df464f3dd9b0ee6a74719f0145ab693b8c08df7c05587a9f3952f9"
dependencies = [
 "strength_reduce",
 "wyhash2",
]

[[package]]
name = "no-std-compat"
version = "0.4.1"
source = "registry+https://github.com/rust-lang/crates.io-index"
checksum = "b93853da6d84c2e3c7d730d6473e8817692dd89be387eb01b94d7f108ecb5b8c"

[[package]]
name = "num-traits"
version = "0.2.19"
source = "registry+https://github.com/rust-lang/crates.io-index"
checksum = "071dfc062690e90b734c0b2273ce72ad0ffa95f0c74596bc250dcfd960262841"
dependencies = [
 "autocfg",
]

[[package]]
name = "sort_fastq_rs"
version = "0.1.0"
dependencies = [
 "minimizer-iter",
 "num-traits",
]

[[package]]
name = "strength_reduce"
version = "0.2.4"
source = "registry+https://github.com/rust-lang/crates.io-index"
checksum = "fe895eb47f22e2ddd4dabc02bce419d2e643c8e3b585c78158b349195bc24d82"

[[package]]
name = "wyhash2"
version = "0.2.1"
source = "registry+https://github.com/rust-lang/crates.io-index"
checksum = "9433c7c86e328a8197038c9fc31f6e5c81f9c7bdc087d86e266680236af1af1b"
dependencies = [
 "no-std-compat",
]
